// !$*UTF8*$!
{
	archiveVersion = 1;
	classes = {
	};
	objectVersion = 46;
	objects = {

/* Begin PBXBuildFile section */
		B279565E1E48C1B400CC64D7 /* PartyCreatorViewController.m in Sources */ = {isa = PBXBuildFile; fileRef = B279565D1E48C1B400CC64D7 /* PartyCreatorViewController.m */; };
		B29107F21E4B100B009238C1 /* Coconut Cocktail.png in Resources */ = {isa = PBXBuildFile; fileRef = B29107EB1E4B100B009238C1 /* Coconut Cocktail.png */; };
		B29107F31E4B100B009238C1 /* No Alcohol.png in Resources */ = {isa = PBXBuildFile; fileRef = B29107EC1E4B100B009238C1 /* No Alcohol.png */; };
		B29107F41E4B100B009238C1 /* Birthday Cake.png in Resources */ = {isa = PBXBuildFile; fileRef = B29107ED1E4B100B009238C1 /* Birthday Cake.png */; };
		B29107F51E4B100B009238C1 /* Christmas Tree.png in Resources */ = {isa = PBXBuildFile; fileRef = B29107EE1E4B100B009238C1 /* Christmas Tree.png */; };
		B29107F61E4B100B009238C1 /* Champagne.png in Resources */ = {isa = PBXBuildFile; fileRef = B29107EF1E4B100B009238C1 /* Champagne.png */; };
		B29107F71E4B100B009238C1 /* leftSliderImg.png in Resources */ = {isa = PBXBuildFile; fileRef = B29107F01E4B100B009238C1 /* leftSliderImg.png */; };
		B29107F81E4B100B009238C1 /* rightSliderImg.png in Resources */ = {isa = PBXBuildFile; fileRef = B29107F11E4B100B009238C1 /* rightSliderImg.png */; };
		B29107FA1E4B103B009238C1 /* Beer.png in Resources */ = {isa = PBXBuildFile; fileRef = B29107F91E4B103B009238C1 /* Beer.png */; };
		B291082A1E4BBD56009238C1 /* XibViewController.xib in Resources */ = {isa = PBXBuildFile; fileRef = B29108291E4BBD56009238C1 /* XibViewController.xib */; };
		B29108591E4C7C14009238C1 /* XibViewController.m in Sources */ = {isa = PBXBuildFile; fileRef = B29108581E4C7C14009238C1 /* XibViewController.m */; };
		B2D29BE61E409CD900A999EA /* main.m in Sources */ = {isa = PBXBuildFile; fileRef = B2D29BE51E409CD900A999EA /* main.m */; };
		B2D29BE91E409CD900A999EA /* AppDelegate.m in Sources */ = {isa = PBXBuildFile; fileRef = B2D29BE81E409CD900A999EA /* AppDelegate.m */; };
		B2D29BEC1E409CD900A999EA /* ViewController.m in Sources */ = {isa = PBXBuildFile; fileRef = B2D29BEB1E409CD900A999EA /* ViewController.m */; };
		B2D29BEF1E409CD900A999EA /* Main.storyboard in Resources */ = {isa = PBXBuildFile; fileRef = B2D29BED1E409CD900A999EA /* Main.storyboard */; };
		B2D29BF11E409CD900A999EA /* Assets.xcassets in Resources */ = {isa = PBXBuildFile; fileRef = B2D29BF01E409CD900A999EA /* Assets.xcassets */; };
		B2D29BF41E409CD900A999EA /* LaunchScreen.storyboard in Resources */ = {isa = PBXBuildFile; fileRef = B2D29BF21E409CD900A999EA /* LaunchScreen.storyboard */; };
		B2D29C001E410C6200A999EA /* UIColor+Utilty.m in Sources */ = {isa = PBXBuildFile; fileRef = B2D29BFF1E410C6200A999EA /* UIColor+Utilty.m */; };
/* End PBXBuildFile section */

/* Begin PBXFileReference section */
		B279565C1E48C1B400CC64D7 /* PartyCreatorViewController.h */ = {isa = PBXFileReference; fileEncoding = 4; lastKnownFileType = sourcecode.c.h; name = PartyCreatorViewController.h; path = ../PartyCreatorViewController.h; sourceTree = "<group>"; };
		B279565D1E48C1B400CC64D7 /* PartyCreatorViewController.m */ = {isa = PBXFileReference; fileEncoding = 4; lastKnownFileType = sourcecode.c.objc; name = PartyCreatorViewController.m; path = ../PartyCreatorViewController.m; sourceTree = "<group>"; };
		B29107EB1E4B100B009238C1 /* Coconut Cocktail.png */ = {isa = PBXFileReference; lastKnownFileType = image.png; name = "Coconut Cocktail.png"; path = "../../../Downloads/images/Coconut Cocktail.png"; sourceTree = "<group>"; };
		B29107EC1E4B100B009238C1 /* No Alcohol.png */ = {isa = PBXFileReference; lastKnownFileType = image.png; name = "No Alcohol.png"; path = "../../../Downloads/images/No Alcohol.png"; sourceTree = "<group>"; };
		B29107ED1E4B100B009238C1 /* Birthday Cake.png */ = {isa = PBXFileReference; lastKnownFileType = image.png; name = "Birthday Cake.png"; path = "../../../Downloads/images/Birthday Cake.png"; sourceTree = "<group>"; };
		B29107EE1E4B100B009238C1 /* Christmas Tree.png */ = {isa = PBXFileReference; lastKnownFileType = image.png; name = "Christmas Tree.png"; path = "../../../Downloads/images/Christmas Tree.png"; sourceTree = "<group>"; };
		B29107EF1E4B100B009238C1 /* Champagne.png */ = {isa = PBXFileReference; lastKnownFileType = image.png; name = Champagne.png; path = ../../../Downloads/images/Champagne.png; sourceTree = "<group>"; };
		B29107F01E4B100B009238C1 /* leftSliderImg.png */ = {isa = PBXFileReference; lastKnownFileType = image.png; name = leftSliderImg.png; path = ../../../Downloads/images/leftSliderImg.png; sourceTree = "<group>"; };
		B29107F11E4B100B009238C1 /* rightSliderImg.png */ = {isa = PBXFileReference; lastKnownFileType = image.png; name = rightSliderImg.png; path = ../../../Downloads/images/rightSliderImg.png; sourceTree = "<group>"; };
		B29107F91E4B103B009238C1 /* Beer.png */ = {isa = PBXFileReference; lastKnownFileType = image.png; name = Beer.png; path = ../../../Downloads/Beer.png; sourceTree = "<group>"; };
		B29108291E4BBD56009238C1 /* XibViewController.xib */ = {isa = PBXFileReference; fileEncoding = 4; lastKnownFileType = file.xib; name = XibViewController.xib; path = ../XibViewController.xib; sourceTree = "<group>"; };
		B29108571E4C7C14009238C1 /* XibViewController.h */ = {isa = PBXFileReference; fileEncoding = 4; lastKnownFileType = sourcecode.c.h; name = XibViewController.h; path = ../XibViewController.h; sourceTree = "<group>"; };
		B29108581E4C7C14009238C1 /* XibViewController.m */ = {isa = PBXFileReference; fileEncoding = 4; lastKnownFileType = sourcecode.c.objc; name = XibViewController.m; path = ../XibViewController.m; sourceTree = "<group>"; };
		B2D29BE11E409CD900A999EA /* PartyMakerPisotskiy.app */ = {isa = PBXFileReference; explicitFileType = wrapper.application; includeInIndex = 0; path = PartyMakerPisotskiy.app; sourceTree = BUILT_PRODUCTS_DIR; };
		B2D29BE51E409CD900A999EA /* main.m */ = {isa = PBXFileReference; lastKnownFileType = sourcecode.c.objc; path = main.m; sourceTree = "<group>"; };
		B2D29BE71E409CD900A999EA /* AppDelegate.h */ = {isa = PBXFileReference; lastKnownFileType = sourcecode.c.h; path = AppDelegate.h; sourceTree = "<group>"; };
		B2D29BE81E409CD900A999EA /* AppDelegate.m */ = {isa = PBXFileReference; lastKnownFileType = sourcecode.c.objc; path = AppDelegate.m; sourceTree = "<group>"; };
		B2D29BEA1E409CD900A999EA /* ViewController.h */ = {isa = PBXFileReference; lastKnownFileType = sourcecode.c.h; path = ViewController.h; sourceTree = "<group>"; };
		B2D29BEB1E409CD900A999EA /* ViewController.m */ = {isa = PBXFileReference; lastKnownFileType = sourcecode.c.objc; path = ViewController.m; sourceTree = "<group>"; };
		B2D29BEE1E409CD900A999EA /* Base */ = {isa = PBXFileReference; lastKnownFileType = file.storyboard; name = Base; path = Base.lproj/Main.storyboard; sourceTree = "<group>"; };
		B2D29BF01E409CD900A999EA /* Assets.xcassets */ = {isa = PBXFileReference; lastKnownFileType = folder.assetcatalog; path = Assets.xcassets; sourceTree = "<group>"; };
		B2D29BF31E409CD900A999EA /* Base */ = {isa = PBXFileReference; lastKnownFileType = file.storyboard; name = Base; path = Base.lproj/LaunchScreen.storyboard; sourceTree = "<group>"; };
		B2D29BF51E409CD900A999EA /* Info.plist */ = {isa = PBXFileReference; lastKnownFileType = text.plist.xml; path = Info.plist; sourceTree = "<group>"; };
		B2D29BFE1E410C6200A999EA /* UIColor+Utilty.h */ = {isa = PBXFileReference; fileEncoding = 4; lastKnownFileType = sourcecode.c.h; path = "UIColor+Utilty.h"; sourceTree = "<group>"; };
		B2D29BFF1E410C6200A999EA /* UIColor+Utilty.m */ = {isa = PBXFileReference; fileEncoding = 4; lastKnownFileType = sourcecode.c.objc; path = "UIColor+Utilty.m"; sourceTree = "<group>"; };
/* End PBXFileReference section */

/* Begin PBXFrameworksBuildPhase section */
		B2D29BDE1E409CD900A999EA /* Frameworks */ = {
			isa = PBXFrameworksBuildPhase;
			buildActionMask = 2147483647;
			files = (
			);
			runOnlyForDeploymentPostprocessing = 0;
		};
/* End PBXFrameworksBuildPhase section */

/* Begin PBXGroup section */
		B268E6491E4C804D006E1328 /* Xib */ = {
			isa = PBXGroup;
			children = (
				B29108291E4BBD56009238C1 /* XibViewController.xib */,
				B29108581E4C7C14009238C1 /* XibViewController.m */,
				B29108571E4C7C14009238C1 /* XibViewController.h */,
			);
			name = Xib;
			sourceTree = "<group>";
		};
		B268E64A1E4DDB6F006E1328 /* Image */ = {
			isa = PBXGroup;
			children = (
				B29107EB1E4B100B009238C1 /* Coconut Cocktail.png */,
				B29107EC1E4B100B009238C1 /* No Alcohol.png */,
				B29107ED1E4B100B009238C1 /* Birthday Cake.png */,
				B29107EE1E4B100B009238C1 /* Christmas Tree.png */,
				B29107F91E4B103B009238C1 /* Beer.png */,
				B29107EF1E4B100B009238C1 /* Champagne.png */,
				B29107F01E4B100B009238C1 /* leftSliderImg.png */,
				B29107F11E4B100B009238C1 /* rightSliderImg.png */,
			);
			name = Image;
			sourceTree = "<group>";
		};
		B2D29BD81E409CD900A999EA = {
			isa = PBXGroup;
			children = (
				B268E64A1E4DDB6F006E1328 /* Image */,
				B2D29BE31E409CD900A999EA /* PartyMakerPisotskiy */,
				B2D29BE21E409CD900A999EA /* Products */,
			);
			sourceTree = "<group>";
		};
		B2D29BE21E409CD900A999EA /* Products */ = {
			isa = PBXGroup;
			children = (
				B2D29BE11E409CD900A999EA /* PartyMakerPisotskiy.app */,
			);
			name = Products;
			sourceTree = "<group>";
		};
		B2D29BE31E409CD900A999EA /* PartyMakerPisotskiy */ = {
			isa = PBXGroup;
			children = (
				B268E6491E4C804D006E1328 /* Xib */,
				B279565C1E48C1B400CC64D7 /* PartyCreatorViewController.h */,
				B279565D1E48C1B400CC64D7 /* PartyCreatorViewController.m */,
				B2D29BE71E409CD900A999EA /* AppDelegate.h */,
				B2D29BE81E409CD900A999EA /* AppDelegate.m */,
				B2D29BEA1E409CD900A999EA /* ViewController.h */,
				B2D29BEB1E409CD900A999EA /* ViewController.m */,
				B2D29BED1E409CD900A999EA /* Main.storyboard */,
				B2D29BF01E409CD900A999EA /* Assets.xcassets */,
				B2D29BF21E409CD900A999EA /* LaunchScreen.storyboard */,
				B2D29BF51E409CD900A999EA /* Info.plist */,
				B2D29BE41E409CD900A999EA /* Supporting Files */,
				B2D29BFE1E410C6200A999EA /* UIColor+Utilty.h */,
				B2D29BFF1E410C6200A999EA /* UIColor+Utilty.m */,
			);
			path = PartyMakerPisotskiy;
			sourceTree = "<group>";
		};
		B2D29BE41E409CD900A999EA /* Supporting Files */ = {
			isa = PBXGroup;
			children = (
				B2D29BE51E409CD900A999EA /* main.m */,
			);
			name = "Supporting Files";
			sourceTree = "<group>";
		};
/* End PBXGroup section */

/* Begin PBXNativeTarget section */
		B2D29BE01E409CD900A999EA /* PartyMakerPisotskiy */ = {
			isa = PBXNativeTarget;
			buildConfigurationList = B2D29BF81E409CD900A999EA /* Build configuration list for PBXNativeTarget "PartyMakerPisotskiy" */;
			buildPhases = (
				B2D29BDD1E409CD900A999EA /* Sources */,
				B2D29BDE1E409CD900A999EA /* Frameworks */,
				B2D29BDF1E409CD900A999EA /* Resources */,
			);
			buildRules = (
			);
			dependencies = (
			);
			name = PartyMakerPisotskiy;
			productName = PartyMakerPisotskiy;
			productReference = B2D29BE11E409CD900A999EA /* PartyMakerPisotskiy.app */;
			productType = "com.apple.product-type.application";
		};
/* End PBXNativeTarget section */

/* Begin PBXProject section */
		B2D29BD91E409CD900A999EA /* Project object */ = {
			isa = PBXProject;
			attributes = {
				LastUpgradeCheck = 0820;
				ORGANIZATIONNAME = Intern01;
				TargetAttributes = {
					B2D29BE01E409CD900A999EA = {
						CreatedOnToolsVersion = 8.2.1;
						LastSwiftMigration = 0820;
						ProvisioningStyle = Automatic;
					};
				};
			};
			buildConfigurationList = B2D29BDC1E409CD900A999EA /* Build configuration list for PBXProject "PartyMakerPisotskiy" */;
			compatibilityVersion = "Xcode 3.2";
			developmentRegion = English;
			hasScannedForEncodings = 0;
			knownRegions = (
				en,
				Base,
			);
			mainGroup = B2D29BD81E409CD900A999EA;
			productRefGroup = B2D29BE21E409CD900A999EA /* Products */;
			projectDirPath = "";
			projectRoot = "";
			targets = (
				B2D29BE01E409CD900A999EA /* PartyMakerPisotskiy */,
			);
		};
/* End PBXProject section */

/* Begin PBXResourcesBuildPhase section */
		B2D29BDF1E409CD900A999EA /* Resources */ = {
			isa = PBXResourcesBuildPhase;
			buildActionMask = 2147483647;
			files = (
				B2D29BF41E409CD900A999EA /* LaunchScreen.storyboard in Resources */,
				B29107FA1E4B103B009238C1 /* Beer.png in Resources */,
				B29107F61E4B100B009238C1 /* Champagne.png in Resources */,
				B29107F81E4B100B009238C1 /* rightSliderImg.png in Resources */,
				B29107F21E4B100B009238C1 /* Coconut Cocktail.png in Resources */,
				B29107F51E4B100B009238C1 /* Christmas Tree.png in Resources */,
				B2D29BF11E409CD900A999EA /* Assets.xcassets in Resources */,
				B2D29BEF1E409CD900A999EA /* Main.storyboard in Resources */,
				B291082A1E4BBD56009238C1 /* XibViewController.xib in Resources */,
				B29107F31E4B100B009238C1 /* No Alcohol.png in Resources */,
				B29107F41E4B100B009238C1 /* Birthday Cake.png in Resources */,
				B29107F71E4B100B009238C1 /* leftSliderImg.png in Resources */,
			);
			runOnlyForDeploymentPostprocessing = 0;
		};
/* End PBXResourcesBuildPhase section */

/* Begin PBXSourcesBuildPhase section */
		B2D29BDD1E409CD900A999EA /* Sources */ = {
			isa = PBXSourcesBuildPhase;
			buildActionMask = 2147483647;
			files = (
				B2D29BEC1E409CD900A999EA /* ViewController.m in Sources */,
				B2D29BE91E409CD900A999EA /* AppDelegate.m in Sources */,
				B29108591E4C7C14009238C1 /* XibViewController.m in Sources */,
				B279565E1E48C1B400CC64D7 /* PartyCreatorViewController.m in Sources */,
				B2D29BE61E409CD900A999EA /* main.m in Sources */,
				B2D29C001E410C6200A999EA /* UIColor+Utilty.m in Sources */,
			);
			runOnlyForDeploymentPostprocessing = 0;
		};
/* End PBXSourcesBuildPhase section */

/* Begin PBXVariantGroup section */
		B2D29BED1E409CD900A999EA /* Main.storyboard */ = {
			isa = PBXVariantGroup;
			children = (
				B2D29BEE1E409CD900A999EA /* Base */,
			);
			name = Main.storyboard;
			sourceTree = "<group>";
		};
		B2D29BF21E409CD900A999EA /* LaunchScreen.storyboard */ = {
			isa = PBXVariantGroup;
			children = (
				B2D29BF31E409CD900A999EA /* Base */,
			);
			name = LaunchScreen.storyboard;
			sourceTree = "<group>";
		};
/* End PBXVariantGroup section */

/* Begin XCBuildConfiguration section */
		B2D29BF61E409CD900A999EA /* Debug */ = {
			isa = XCBuildConfiguration;
			buildSettings = {
				ALWAYS_SEARCH_USER_PATHS = NO;
				CLANG_ANALYZER_NONNULL = YES;
				CLANG_CXX_LANGUAGE_STANDARD = "gnu++0x";
				CLANG_CXX_LIBRARY = "libc++";
				CLANG_ENABLE_MODULES = YES;
				CLANG_ENABLE_OBJC_ARC = YES;
				CLANG_WARN_BOOL_CONVERSION = YES;
				CLANG_WARN_CONSTANT_CONVERSION = YES;
				CLANG_WARN_DIRECT_OBJC_ISA_USAGE = YES_ERROR;
				CLANG_WARN_DOCUMENTATION_COMMENTS = YES;
				CLANG_WARN_EMPTY_BODY = YES;
				CLANG_WARN_ENUM_CONVERSION = YES;
				CLANG_WARN_INFINITE_RECURSION = YES;
				CLANG_WARN_INT_CONVERSION = YES;
				CLANG_WARN_OBJC_ROOT_CLASS = YES_ERROR;
				CLANG_WARN_SUSPICIOUS_MOVE = YES;
				CLANG_WARN_UNREACHABLE_CODE = YES;
				CLANG_WARN__DUPLICATE_METHOD_MATCH = YES;
				"CODE_SIGN_IDENTITY[sdk=iphoneos*]" = "iPhone Developer";
				COPY_PHASE_STRIP = NO;
				DEBUG_INFORMATION_FORMAT = dwarf;
				ENABLE_STRICT_OBJC_MSGSEND = YES;
				ENABLE_TESTABILITY = YES;
				GCC_C_LANGUAGE_STANDARD = gnu99;
				GCC_DYNAMIC_NO_PIC = NO;
				GCC_NO_COMMON_BLOCKS = YES;
				GCC_OPTIMIZATION_LEVEL = 0;
				GCC_PREPROCESSOR_DEFINITIONS = (
					"DEBUG=1",
					"$(inherited)",
				);
				GCC_WARN_64_TO_32_BIT_CONVERSION = YES;
				GCC_WARN_ABOUT_RETURN_TYPE = YES_ERROR;
				GCC_WARN_UNDECLARED_SELECTOR = YES;
				GCC_WARN_UNINITIALIZED_AUTOS = YES_AGGRESSIVE;
				GCC_WARN_UNUSED_FUNCTION = YES;
				GCC_WARN_UNUSED_VARIABLE = YES;
				IPHONEOS_DEPLOYMENT_TARGET = 10.2;
				MTL_ENABLE_DEBUG_INFO = YES;
				ONLY_ACTIVE_ARCH = YES;
				SDKROOT = iphoneos;
			};
			name = Debug;
		};
		B2D29BF71E409CD900A999EA /* Release */ = {
			isa = XCBuildConfiguration;
			buildSettings = {
				ALWAYS_SEARCH_USER_PATHS = NO;
				CLANG_ANALYZER_NONNULL = YES;
				CLANG_CXX_LANGUAGE_STANDARD = "gnu++0x";
				CLANG_CXX_LIBRARY = "libc++";
				CLANG_ENABLE_MODULES = YES;
				CLANG_ENABLE_OBJC_ARC = YES;
				CLANG_WARN_BOOL_CONVERSION = YES;
				CLANG_WARN_CONSTANT_CONVERSION = YES;
				CLANG_WARN_DIRECT_OBJC_ISA_USAGE = YES_ERROR;
				CLANG_WARN_DOCUMENTATION_COMMENTS = YES;
				CLANG_WARN_EMPTY_BODY = YES;
				CLANG_WARN_ENUM_CONVERSION = YES;
				CLANG_WARN_INFINITE_RECURSION = YES;
				CLANG_WARN_INT_CONVERSION = YES;
				CLANG_WARN_OBJC_ROOT_CLASS = YES_ERROR;
				CLANG_WARN_SUSPICIOUS_MOVE = YES;
				CLANG_WARN_UNREACHABLE_CODE = YES;
				CLANG_WARN__DUPLICATE_METHOD_MATCH = YES;
				"CODE_SIGN_IDENTITY[sdk=iphoneos*]" = "iPhone Developer";
				COPY_PHASE_STRIP = NO;
				DEBUG_INFORMATION_FORMAT = "dwarf-with-dsym";
				ENABLE_NS_ASSERTIONS = NO;
				ENABLE_STRICT_OBJC_MSGSEND = YES;
				GCC_C_LANGUAGE_STANDARD = gnu99;
				GCC_NO_COMMON_BLOCKS = YES;
				GCC_WARN_64_TO_32_BIT_CONVERSION = YES;
				GCC_WARN_ABOUT_RETURN_TYPE = YES_ERROR;
				GCC_WARN_UNDECLARED_SELECTOR = YES;
				GCC_WARN_UNINITIALIZED_AUTOS = YES_AGGRESSIVE;
				GCC_WARN_UNUSED_FUNCTION = YES;
				GCC_WARN_UNUSED_VARIABLE = YES;
				IPHONEOS_DEPLOYMENT_TARGET = 10.2;
				MTL_ENABLE_DEBUG_INFO = NO;
				SDKROOT = iphoneos;
				VALIDATE_PRODUCT = YES;
			};
			name = Release;
		};
		B2D29BF91E409CD900A999EA /* Debug */ = {
			isa = XCBuildConfiguration;
			buildSettings = {
				ASSETCATALOG_COMPILER_APPICON_NAME = AppIcon;
				CLANG_ENABLE_MODULES = YES;
				INFOPLIST_FILE = PartyMakerPisotskiy/Info.plist;
				LD_RUNPATH_SEARCH_PATHS = "$(inherited) @executable_path/Frameworks";
				PRODUCT_BUNDLE_IDENTIFIER = softheme.com.PartyMakerPisotskiy;
				PRODUCT_NAME = "$(TARGET_NAME)";
				SWIFT_OBJC_BRIDGING_HEADER = "PartyMakerPisotskiy-Bridging-Header.h";
				SWIFT_OPTIMIZATION_LEVEL = "-Onone";
				SWIFT_VERSION = 3.0;
			};
			name = Debug;
		};
		B2D29BFA1E409CD900A999EA /* Release */ = {
			isa = XCBuildConfiguration;
			buildSettings = {
				ASSETCATALOG_COMPILER_APPICON_NAME = AppIcon;
				CLANG_ENABLE_MODULES = YES;
				INFOPLIST_FILE = PartyMakerPisotskiy/Info.plist;
				LD_RUNPATH_SEARCH_PATHS = "$(inherited) @executable_path/Frameworks";
				PRODUCT_BUNDLE_IDENTIFIER = softheme.com.PartyMakerPisotskiy;
				PRODUCT_NAME = "$(TARGET_NAME)";
				SWIFT_OBJC_BRIDGING_HEADER = "PartyMakerPisotskiy-Bridging-Header.h";
				SWIFT_VERSION = 3.0;
			};
			name = Release;
		};
/* End XCBuildConfiguration section */

/* Begin XCConfigurationList section */
		B2D29BDC1E409CD900A999EA /* Build configuration list for PBXProject "PartyMakerPisotskiy" */ = {
			isa = XCConfigurationList;
			buildConfigurations = (
				B2D29BF61E409CD900A999EA /* Debug */,
				B2D29BF71E409CD900A999EA /* Release */,
			);
			defaultConfigurationIsVisible = 0;
			defaultConfigurationName = Release;
		};
		B2D29BF81E409CD900A999EA /* Build configuration list for PBXNativeTarget "PartyMakerPisotskiy" */ = {
			isa = XCConfigurationList;
			buildConfigurations = (
				B2D29BF91E409CD900A999EA /* Debug */,
				B2D29BFA1E409CD900A999EA /* Release */,
			);
			defaultConfigurationIsVisible = 0;
			defaultConfigurationName = Release;
		};
/* End XCConfigurationList section */
	};
	rootObject = B2D29BD91E409CD900A999EA /* Project object */;
}
